
Microsoft Visual Studio Solution File, Format Version 12.00
# Visual Studio 14
VisualStudioVersion = 14.0.25420.1
MinimumVisualStudioVersion = 10.0.40219.1
Project("{2150E333-8FDC-42A3-9474-1A3956D46DE8}") = "src", "src", "{16CD456A-6737-415F-9351-14ED414DE279}"
EndProject
Project("{2150E333-8FDC-42A3-9474-1A3956D46DE8}") = "Solution Items", "Solution Items", "{D116E013-4664-4B25-AB3A-F38E8174CA15}"
	ProjectSection(SolutionItems) = preProject
		global.json = global.json
	EndProjectSection
EndProject
Project("{8BB2217D-0F2D-49D1-97BC-3654ED321F3B}") = "Texter", "src\Texter\Texter.xproj", "{4B9A8270-974F-4ACB-A369-D5826560FD39}"
EndProject
Global
	GlobalSection(SolutionConfigurationPlatforms) = preSolution
		Debug|Any CPU = Debug|Any CPU
		Release|Any CPU = Release|Any CPU
	EndGlobalSection
	GlobalSection(ProjectConfigurationPlatforms) = postSolution
		{4B9A8270-974F-4ACB-A369-D5826560FD39}.Debug|Any CPU.ActiveCfg = Debug|Any CPU
		{4B9A8270-974F-4ACB-A369-D5826560FD39}.Debug|Any CPU.Build.0 = Debug|Any CPU
		{4B9A8270-974F-4ACB-A369-D5826560FD39}.Release|Any CPU.ActiveCfg = Release|Any CPU
		{4B9A8270-974F-4ACB-A369-D5826560FD39}.Release|Any CPU.Build.0 = Release|Any CPU
	EndGlobalSection
	GlobalSection(SolutionProperties) = preSolution
		HideSolutionNode = FALSE
	EndGlobalSection
	GlobalSection(NestedProjects) = preSolution
		{4B9A8270-974F-4ACB-A369-D5826560FD39} = {16CD456A-6737-415F-9351-14ED414DE279}
	EndGlobalSection
EndGlobal
